
Microsoft Visual Studio Solution File, Format Version 12.00
# Visual Studio Version 16
VisualStudioVersion = 16.0.30523.141
MinimumVisualStudioVersion = 10.0.40219.1
Project("{FAE04EC0-301F-11D3-BF4B-00C04F79EFBC}") = "William01", "William01\William01.csproj", "{FE1360FB-7708-4E1D-83FD-36565CA58D75}"
EndProject
Global
	GlobalSection(SolutionConfigurationPlatforms) = preSolution
		Debug|Any CPU = Debug|Any CPU
		Release|Any CPU = Release|Any CPU
	EndGlobalSection
	GlobalSection(ProjectConfigurationPlatforms) = postSolution
		{FE1360FB-7708-4E1D-83FD-36565CA58D75}.Debug|Any CPU.ActiveCfg = Debug|Any CPU
		{FE1360FB-7708-4E1D-83FD-36565CA58D75}.Debug|Any CPU.Build.0 = Debug|Any CPU
		{FE1360FB-7708-4E1D-83FD-36565CA58D75}.Release|Any CPU.ActiveCfg = Release|Any CPU
		{FE1360FB-7708-4E1D-83FD-36565CA58D75}.Release|Any CPU.Build.0 = Release|Any CPU
	EndGlobalSection
	GlobalSection(SolutionProperties) = preSolution
		HideSolutionNode = FALSE
	EndGlobalSection
	GlobalSection(ExtensibilityGlobals) = postSolution
		SolutionGuid = {768D317B-43D3-49D9-9FE6-174E256275A4}
	EndGlobalSection
EndGlobal
